
Microsoft Visual Studio Solution File, Format Version 12.00
# Visual Studio Version 17
VisualStudioVersion = 17.3.32929.385
MinimumVisualStudioVersion = 10.0.40219.1
Project("{FAE04EC0-301F-11D3-BF4B-00C04F79EFBC}") = "Minda_Iulia_ProiectMPA", "Minda_Iulia_ProiectMPA.csproj", "{CCA39AED-C47F-47E5-843E-BB7EC965C690}"
EndProject
Global
	GlobalSection(SolutionConfigurationPlatforms) = preSolution
		Debug|Any CPU = Debug|Any CPU
		Release|Any CPU = Release|Any CPU
	EndGlobalSection
	GlobalSection(ProjectConfigurationPlatforms) = postSolution
		{CCA39AED-C47F-47E5-843E-BB7EC965C690}.Debug|Any CPU.ActiveCfg = Debug|Any CPU
		{CCA39AED-C47F-47E5-843E-BB7EC965C690}.Debug|Any CPU.Build.0 = Debug|Any CPU
		{CCA39AED-C47F-47E5-843E-BB7EC965C690}.Release|Any CPU.ActiveCfg = Release|Any CPU
		{CCA39AED-C47F-47E5-843E-BB7EC965C690}.Release|Any CPU.Build.0 = Release|Any CPU
	EndGlobalSection
	GlobalSection(SolutionProperties) = preSolution
		HideSolutionNode = FALSE
	EndGlobalSection
	GlobalSection(ExtensibilityGlobals) = postSolution
		SolutionGuid = {B7D4415D-C44C-42C1-994A-A733C4F672A0}
	EndGlobalSection
EndGlobal
